// !$*UTF8*$!
{
	archiveVersion = 1;
	classes = {
	};
	objectVersion = 56;
	objects = {

/* Begin PBXBuildFile section */
		5A2D111F2B68E55C00FE13A4 /* RickMortyTCAApp.swift in Sources */ = {isa = PBXBuildFile; fileRef = 5A2D111E2B68E55C00FE13A4 /* RickMortyTCAApp.swift */; };
		5A2D11212B68E55C00FE13A4 /* ContentView.swift in Sources */ = {isa = PBXBuildFile; fileRef = 5A2D11202B68E55C00FE13A4 /* ContentView.swift */; };
		5A2D11232B68E55E00FE13A4 /* Assets.xcassets in Resources */ = {isa = PBXBuildFile; fileRef = 5A2D11222B68E55E00FE13A4 /* Assets.xcassets */; };
		5A2D11262B68E55E00FE13A4 /* Preview Assets.xcassets in Resources */ = {isa = PBXBuildFile; fileRef = 5A2D11252B68E55E00FE13A4 /* Preview Assets.xcassets */; };
		5A2D11322B68E5F500FE13A4 /* View.swift in Sources */ = {isa = PBXBuildFile; fileRef = 5A2D11312B68E5F500FE13A4 /* View.swift */; };
		5A2D11352B68E69500FE13A4 /* RootStore.swift in Sources */ = {isa = PBXBuildFile; fileRef = 5A2D11342B68E69500FE13A4 /* RootStore.swift */; };
		5A2D11382B68E6D400FE13A4 /* ComposableArchitecture in Frameworks */ = {isa = PBXBuildFile; productRef = 5A2D11372B68E6D400FE13A4 /* ComposableArchitecture */; };
		5A2D113C2B68E88900FE13A4 /* DetailsStore.swift in Sources */ = {isa = PBXBuildFile; fileRef = 5A2D113B2B68E88900FE13A4 /* DetailsStore.swift */; };
		5A2D113F2B68E8F700FE13A4 /* HomeView.swift in Sources */ = {isa = PBXBuildFile; fileRef = 5A2D113E2B68E8F700FE13A4 /* HomeView.swift */; };
		5A2D11412B68E90700FE13A4 /* PersonDetails.swift in Sources */ = {isa = PBXBuildFile; fileRef = 5A2D11402B68E90700FE13A4 /* PersonDetails.swift */; };
		5A2D11432B68E93000FE13A4 /* HomeStore.swift in Sources */ = {isa = PBXBuildFile; fileRef = 5A2D11422B68E93000FE13A4 /* HomeStore.swift */; };
		5A2D11452B68EC9F00FE13A4 /* RootView.swift in Sources */ = {isa = PBXBuildFile; fileRef = 5A2D11442B68EC9F00FE13A4 /* RootView.swift */; };
		5A2D11482B68ECC800FE13A4 /* SearchStore.swift in Sources */ = {isa = PBXBuildFile; fileRef = 5A2D11472B68ECC800FE13A4 /* SearchStore.swift */; };
		5A2D114A2B68EDDC00FE13A4 /* SearchView.swift in Sources */ = {isa = PBXBuildFile; fileRef = 5A2D11492B68EDDC00FE13A4 /* SearchView.swift */; };
		5A2D114D2B68EE8800FE13A4 /* ProfileStore.swift in Sources */ = {isa = PBXBuildFile; fileRef = 5A2D114C2B68EE8800FE13A4 /* ProfileStore.swift */; };
		5A2D114F2B68F27A00FE13A4 /* ProfileView.swift in Sources */ = {isa = PBXBuildFile; fileRef = 5A2D114E2B68F27A00FE13A4 /* ProfileView.swift */; };
		5A2D115F2B6912CC00FE13A4 /* GraphqlAPI in Frameworks */ = {isa = PBXBuildFile; productRef = 5A2D115E2B6912CC00FE13A4 /* GraphqlAPI */; };
		5A2D11612B69131500FE13A4 /* GraphqlAPI in Resources */ = {isa = PBXBuildFile; fileRef = 5A2D11602B69131500FE13A4 /* GraphqlAPI */; };
		5A2D11642B69138100FE13A4 /* Network.swift in Sources */ = {isa = PBXBuildFile; fileRef = 5A2D11632B69138100FE13A4 /* Network.swift */; };
		5A2D11672B69150F00FE13A4 /* APIClient.swift in Sources */ = {isa = PBXBuildFile; fileRef = 5A2D11662B69150F00FE13A4 /* APIClient.swift */; };
		5A2D11692B69169500FE13A4 /* APIService.swift in Sources */ = {isa = PBXBuildFile; fileRef = 5A2D11682B69169500FE13A4 /* APIService.swift */; };
		5A2D116B2B6917F200FE13A4 /* Apollo+Ext.swift in Sources */ = {isa = PBXBuildFile; fileRef = 5A2D116A2B6917F200FE13A4 /* Apollo+Ext.swift */; };
		5A2D116E2B691EED00FE13A4 /* Apollo in Frameworks */ = {isa = PBXBuildFile; productRef = 5A2D116D2B691EED00FE13A4 /* Apollo */; };
		5A2D11702B691EED00FE13A4 /* ApolloAPI in Frameworks */ = {isa = PBXBuildFile; productRef = 5A2D116F2B691EED00FE13A4 /* ApolloAPI */; };
/* End PBXBuildFile section */

/* Begin PBXFileReference section */
		5A2D111B2B68E55C00FE13A4 /* RickMortyTCA.app */ = {isa = PBXFileReference; explicitFileType = wrapper.application; includeInIndex = 0; path = RickMortyTCA.app; sourceTree = BUILT_PRODUCTS_DIR; };
		5A2D111E2B68E55C00FE13A4 /* RickMortyTCAApp.swift */ = {isa = PBXFileReference; lastKnownFileType = sourcecode.swift; path = RickMortyTCAApp.swift; sourceTree = "<group>"; };
		5A2D11202B68E55C00FE13A4 /* ContentView.swift */ = {isa = PBXFileReference; lastKnownFileType = sourcecode.swift; path = ContentView.swift; sourceTree = "<group>"; };
		5A2D11222B68E55E00FE13A4 /* Assets.xcassets */ = {isa = PBXFileReference; lastKnownFileType = folder.assetcatalog; path = Assets.xcassets; sourceTree = "<group>"; };
		5A2D11252B68E55E00FE13A4 /* Preview Assets.xcassets */ = {isa = PBXFileReference; lastKnownFileType = folder.assetcatalog; path = "Preview Assets.xcassets"; sourceTree = "<group>"; };
		5A2D11312B68E5F500FE13A4 /* View.swift */ = {isa = PBXFileReference; lastKnownFileType = sourcecode.swift; path = View.swift; sourceTree = "<group>"; };
		5A2D11342B68E69500FE13A4 /* RootStore.swift */ = {isa = PBXFileReference; lastKnownFileType = sourcecode.swift; path = RootStore.swift; sourceTree = "<group>"; };
		5A2D113B2B68E88900FE13A4 /* DetailsStore.swift */ = {isa = PBXFileReference; lastKnownFileType = sourcecode.swift; path = DetailsStore.swift; sourceTree = "<group>"; };
		5A2D113E2B68E8F700FE13A4 /* HomeView.swift */ = {isa = PBXFileReference; lastKnownFileType = sourcecode.swift; path = HomeView.swift; sourceTree = "<group>"; };
		5A2D11402B68E90700FE13A4 /* PersonDetails.swift */ = {isa = PBXFileReference; lastKnownFileType = sourcecode.swift; path = PersonDetails.swift; sourceTree = "<group>"; };
		5A2D11422B68E93000FE13A4 /* HomeStore.swift */ = {isa = PBXFileReference; lastKnownFileType = sourcecode.swift; path = HomeStore.swift; sourceTree = "<group>"; };
		5A2D11442B68EC9F00FE13A4 /* RootView.swift */ = {isa = PBXFileReference; lastKnownFileType = sourcecode.swift; path = RootView.swift; sourceTree = "<group>"; };
		5A2D11472B68ECC800FE13A4 /* SearchStore.swift */ = {isa = PBXFileReference; lastKnownFileType = sourcecode.swift; path = SearchStore.swift; sourceTree = "<group>"; };
		5A2D11492B68EDDC00FE13A4 /* SearchView.swift */ = {isa = PBXFileReference; lastKnownFileType = sourcecode.swift; path = SearchView.swift; sourceTree = "<group>"; };
		5A2D114C2B68EE8800FE13A4 /* ProfileStore.swift */ = {isa = PBXFileReference; lastKnownFileType = sourcecode.swift; path = ProfileStore.swift; sourceTree = "<group>"; };
		5A2D114E2B68F27A00FE13A4 /* ProfileView.swift */ = {isa = PBXFileReference; lastKnownFileType = sourcecode.swift; path = ProfileView.swift; sourceTree = "<group>"; };
		5A2D11502B69093900FE13A4 /* apollo-codegen-config.json */ = {isa = PBXFileReference; lastKnownFileType = text.json; path = "apollo-codegen-config.json"; sourceTree = "<group>"; };
		5A2D11582B69107800FE13A4 /* schema.graphqls */ = {isa = PBXFileReference; lastKnownFileType = text; path = schema.graphqls; sourceTree = "<group>"; };
		5A2D11592B69110A00FE13A4 /* Operations.graphql */ = {isa = PBXFileReference; lastKnownFileType = text; path = Operations.graphql; sourceTree = "<group>"; };
		5A2D11602B69131500FE13A4 /* GraphqlAPI */ = {isa = PBXFileReference; lastKnownFileType = wrapper; path = GraphqlAPI; sourceTree = "<group>"; };
		5A2D11632B69138100FE13A4 /* Network.swift */ = {isa = PBXFileReference; lastKnownFileType = sourcecode.swift; path = Network.swift; sourceTree = "<group>"; };
		5A2D11662B69150F00FE13A4 /* APIClient.swift */ = {isa = PBXFileReference; lastKnownFileType = sourcecode.swift; path = APIClient.swift; sourceTree = "<group>"; };
		5A2D11682B69169500FE13A4 /* APIService.swift */ = {isa = PBXFileReference; lastKnownFileType = sourcecode.swift; path = APIService.swift; sourceTree = "<group>"; };
		5A2D116A2B6917F200FE13A4 /* Apollo+Ext.swift */ = {isa = PBXFileReference; lastKnownFileType = sourcecode.swift; path = "Apollo+Ext.swift"; sourceTree = "<group>"; };
/* End PBXFileReference section */

/* Begin PBXFrameworksBuildPhase section */
		5A2D11182B68E55C00FE13A4 /* Frameworks */ = {
			isa = PBXFrameworksBuildPhase;
			buildActionMask = 2147483647;
			files = (
				5A2D11382B68E6D400FE13A4 /* ComposableArchitecture in Frameworks */,
				5A2D116E2B691EED00FE13A4 /* Apollo in Frameworks */,
				5A2D11702B691EED00FE13A4 /* ApolloAPI in Frameworks */,
				5A2D115F2B6912CC00FE13A4 /* GraphqlAPI in Frameworks */,
			);
			runOnlyForDeploymentPostprocessing = 0;
		};
/* End PBXFrameworksBuildPhase section */

/* Begin PBXGroup section */
		5A2D11122B68E55C00FE13A4 = {
			isa = PBXGroup;
			children = (
				5A2D11512B690A3100FE13A4 /* GraphqlService */,
				5A2D111D2B68E55C00FE13A4 /* RickMortyTCA */,
				5A2D111C2B68E55C00FE13A4 /* Products */,
			);
			sourceTree = "<group>";
		};
		5A2D111C2B68E55C00FE13A4 /* Products */ = {
			isa = PBXGroup;
			children = (
				5A2D111B2B68E55C00FE13A4 /* RickMortyTCA.app */,
			);
			name = Products;
			sourceTree = "<group>";
		};
		5A2D111D2B68E55C00FE13A4 /* RickMortyTCA */ = {
			isa = PBXGroup;
			children = (
				5A2D112F2B68E5BD00FE13A4 /* App */,
				5A2D112E2B68E5B400FE13A4 /* Utils */,
				5A2D112D2B68E5AF00FE13A4 /* Modules */,
				5A2D112C2B68E56400FE13A4 /* Services */,
				5A2D11222B68E55E00FE13A4 /* Assets.xcassets */,
				5A2D11242B68E55E00FE13A4 /* Preview Content */,
			);
			path = RickMortyTCA;
			sourceTree = "<group>";
		};
		5A2D11242B68E55E00FE13A4 /* Preview Content */ = {
			isa = PBXGroup;
			children = (
				5A2D11252B68E55E00FE13A4 /* Preview Assets.xcassets */,
			);
			path = "Preview Content";
			sourceTree = "<group>";
		};
		5A2D112C2B68E56400FE13A4 /* Services */ = {
			isa = PBXGroup;
			children = (
			);
			path = Services;
			sourceTree = "<group>";
		};
		5A2D112D2B68E5AF00FE13A4 /* Modules */ = {
			isa = PBXGroup;
			children = (
				5A2D114B2B68EE7B00FE13A4 /* Profile */,
				5A2D11462B68ECB400FE13A4 /* Search */,
				5A2D113A2B68E87F00FE13A4 /* Details */,
				5A2D11392B68E87500FE13A4 /* Home */,
				5A2D11332B68E63D00FE13A4 /* Root */,
			);
			path = Modules;
			sourceTree = "<group>";
		};
		5A2D112E2B68E5B400FE13A4 /* Utils */ = {
			isa = PBXGroup;
			children = (
				5A2D11302B68E5E300FE13A4 /* Extensions */,
			);
			path = Utils;
			sourceTree = "<group>";
		};
		5A2D112F2B68E5BD00FE13A4 /* App */ = {
			isa = PBXGroup;
			children = (
				5A2D11202B68E55C00FE13A4 /* ContentView.swift */,
				5A2D111E2B68E55C00FE13A4 /* RickMortyTCAApp.swift */,
			);
			path = App;
			sourceTree = "<group>";
		};
		5A2D11302B68E5E300FE13A4 /* Extensions */ = {
			isa = PBXGroup;
			children = (
				5A2D11312B68E5F500FE13A4 /* View.swift */,
			);
			path = Extensions;
			sourceTree = "<group>";
		};
		5A2D11332B68E63D00FE13A4 /* Root */ = {
			isa = PBXGroup;
			children = (
				5A2D11342B68E69500FE13A4 /* RootStore.swift */,
				5A2D11442B68EC9F00FE13A4 /* RootView.swift */,
			);
			path = Root;
			sourceTree = "<group>";
		};
		5A2D11392B68E87500FE13A4 /* Home */ = {
			isa = PBXGroup;
			children = (
				5A2D113E2B68E8F700FE13A4 /* HomeView.swift */,
				5A2D11422B68E93000FE13A4 /* HomeStore.swift */,
			);
			path = Home;
			sourceTree = "<group>";
		};
		5A2D113A2B68E87F00FE13A4 /* Details */ = {
			isa = PBXGroup;
			children = (
				5A2D113B2B68E88900FE13A4 /* DetailsStore.swift */,
				5A2D11402B68E90700FE13A4 /* PersonDetails.swift */,
			);
			path = Details;
			sourceTree = "<group>";
		};
		5A2D11462B68ECB400FE13A4 /* Search */ = {
			isa = PBXGroup;
			children = (
				5A2D11472B68ECC800FE13A4 /* SearchStore.swift */,
				5A2D11492B68EDDC00FE13A4 /* SearchView.swift */,
			);
			path = Search;
			sourceTree = "<group>";
		};
		5A2D114B2B68EE7B00FE13A4 /* Profile */ = {
			isa = PBXGroup;
			children = (
				5A2D114C2B68EE8800FE13A4 /* ProfileStore.swift */,
				5A2D114E2B68F27A00FE13A4 /* ProfileView.swift */,
			);
			path = Profile;
			sourceTree = "<group>";
		};
		5A2D11512B690A3100FE13A4 /* GraphqlService */ = {
			isa = PBXGroup;
			children = (
				5A2D11652B6914DC00FE13A4 /* API */,
				5A2D11622B69135600FE13A4 /* Client */,
				5A2D11602B69131500FE13A4 /* GraphqlAPI */,
				5A2D11502B69093900FE13A4 /* apollo-codegen-config.json */,
				5A2D11582B69107800FE13A4 /* schema.graphqls */,
				5A2D11592B69110A00FE13A4 /* Operations.graphql */,
			);
			path = GraphqlService;
			sourceTree = "<group>";
		};
		5A2D11622B69135600FE13A4 /* Client */ = {
			isa = PBXGroup;
			children = (
				5A2D11632B69138100FE13A4 /* Network.swift */,
			);
			path = Client;
			sourceTree = "<group>";
		};
		5A2D11652B6914DC00FE13A4 /* API */ = {
			isa = PBXGroup;
			children = (
				5A2D11662B69150F00FE13A4 /* APIClient.swift */,
				5A2D11682B69169500FE13A4 /* APIService.swift */,
				5A2D116A2B6917F200FE13A4 /* Apollo+Ext.swift */,
			);
			path = API;
			sourceTree = "<group>";
		};
/* End PBXGroup section */

/* Begin PBXNativeTarget section */
		5A2D111A2B68E55C00FE13A4 /* RickMortyTCA */ = {
			isa = PBXNativeTarget;
			buildConfigurationList = 5A2D11292B68E55E00FE13A4 /* Build configuration list for PBXNativeTarget "RickMortyTCA" */;
			buildPhases = (
				5A2D11172B68E55C00FE13A4 /* Sources */,
				5A2D11182B68E55C00FE13A4 /* Frameworks */,
				5A2D11192B68E55C00FE13A4 /* Resources */,
			);
			buildRules = (
			);
			dependencies = (
			);
			name = RickMortyTCA;
			packageProductDependencies = (
				5A2D11372B68E6D400FE13A4 /* ComposableArchitecture */,
				5A2D115E2B6912CC00FE13A4 /* GraphqlAPI */,
				5A2D116D2B691EED00FE13A4 /* Apollo */,
				5A2D116F2B691EED00FE13A4 /* ApolloAPI */,
			);
			productName = RickMortyTCA;
			productReference = 5A2D111B2B68E55C00FE13A4 /* RickMortyTCA.app */;
			productType = "com.apple.product-type.application";
		};
/* End PBXNativeTarget section */

/* Begin PBXProject section */
		5A2D11132B68E55C00FE13A4 /* Project object */ = {
			isa = PBXProject;
			attributes = {
				BuildIndependentTargetsInParallel = 1;
				LastSwiftUpdateCheck = 1510;
				LastUpgradeCheck = 1510;
				TargetAttributes = {
					5A2D111A2B68E55C00FE13A4 = {
						CreatedOnToolsVersion = 15.1;
					};
				};
			};
			buildConfigurationList = 5A2D11162B68E55C00FE13A4 /* Build configuration list for PBXProject "RickMortyTCA" */;
			compatibilityVersion = "Xcode 14.0";
			developmentRegion = en;
			hasScannedForEncodings = 0;
			knownRegions = (
				en,
				Base,
			);
			mainGroup = 5A2D11122B68E55C00FE13A4;
			packageReferences = (
				5A2D11362B68E6D400FE13A4 /* XCRemoteSwiftPackageReference "swift-composable-architecture" */,
				5A2D116C2B691EED00FE13A4 /* XCRemoteSwiftPackageReference "apollo-ios" */,
			);
			productRefGroup = 5A2D111C2B68E55C00FE13A4 /* Products */;
			projectDirPath = "";
			projectRoot = "";
			targets = (
				5A2D111A2B68E55C00FE13A4 /* RickMortyTCA */,
			);
		};
/* End PBXProject section */

/* Begin PBXResourcesBuildPhase section */
		5A2D11192B68E55C00FE13A4 /* Resources */ = {
			isa = PBXResourcesBuildPhase;
			buildActionMask = 2147483647;
			files = (
				5A2D11262B68E55E00FE13A4 /* Preview Assets.xcassets in Resources */,
				5A2D11232B68E55E00FE13A4 /* Assets.xcassets in Resources */,
				5A2D11612B69131500FE13A4 /* GraphqlAPI in Resources */,
			);
			runOnlyForDeploymentPostprocessing = 0;
		};
/* End PBXResourcesBuildPhase section */

/* Begin PBXSourcesBuildPhase section */
		5A2D11172B68E55C00FE13A4 /* Sources */ = {
			isa = PBXSourcesBuildPhase;
			buildActionMask = 2147483647;
			files = (
				5A2D116B2B6917F200FE13A4 /* Apollo+Ext.swift in Sources */,
				5A2D11212B68E55C00FE13A4 /* ContentView.swift in Sources */,
				5A2D114F2B68F27A00FE13A4 /* ProfileView.swift in Sources */,
				5A2D11412B68E90700FE13A4 /* PersonDetails.swift in Sources */,
				5A2D111F2B68E55C00FE13A4 /* RickMortyTCAApp.swift in Sources */,
				5A2D113C2B68E88900FE13A4 /* DetailsStore.swift in Sources */,
				5A2D11432B68E93000FE13A4 /* HomeStore.swift in Sources */,
				5A2D11692B69169500FE13A4 /* APIService.swift in Sources */,
				5A2D11452B68EC9F00FE13A4 /* RootView.swift in Sources */,
				5A2D113F2B68E8F700FE13A4 /* HomeView.swift in Sources */,
				5A2D11672B69150F00FE13A4 /* APIClient.swift in Sources */,
				5A2D11322B68E5F500FE13A4 /* View.swift in Sources */,
				5A2D11352B68E69500FE13A4 /* RootStore.swift in Sources */,
				5A2D11482B68ECC800FE13A4 /* SearchStore.swift in Sources */,
				5A2D114A2B68EDDC00FE13A4 /* SearchView.swift in Sources */,
				5A2D11642B69138100FE13A4 /* Network.swift in Sources */,
				5A2D114D2B68EE8800FE13A4 /* ProfileStore.swift in Sources */,
			);
			runOnlyForDeploymentPostprocessing = 0;
		};
/* End PBXSourcesBuildPhase section */

/* Begin XCBuildConfiguration section */
		5A2D11272B68E55E00FE13A4 /* Debug */ = {
			isa = XCBuildConfiguration;
			buildSettings = {
				ALWAYS_SEARCH_USER_PATHS = NO;
				ASSETCATALOG_COMPILER_GENERATE_SWIFT_ASSET_SYMBOL_EXTENSIONS = YES;
				CLANG_ANALYZER_NONNULL = YES;
				CLANG_ANALYZER_NUMBER_OBJECT_CONVERSION = YES_AGGRESSIVE;
				CLANG_CXX_LANGUAGE_STANDARD = "gnu++20";
				CLANG_ENABLE_MODULES = YES;
				CLANG_ENABLE_OBJC_ARC = YES;
				CLANG_ENABLE_OBJC_WEAK = YES;
				CLANG_WARN_BLOCK_CAPTURE_AUTORELEASING = YES;
				CLANG_WARN_BOOL_CONVERSION = YES;
				CLANG_WARN_COMMA = YES;
				CLANG_WARN_CONSTANT_CONVERSION = YES;
				CLANG_WARN_DEPRECATED_OBJC_IMPLEMENTATIONS = YES;
				CLANG_WARN_DIRECT_OBJC_ISA_USAGE = YES_ERROR;
				CLANG_WARN_DOCUMENTATION_COMMENTS = YES;
				CLANG_WARN_EMPTY_BODY = YES;
				CLANG_WARN_ENUM_CONVERSION = YES;
				CLANG_WARN_INFINITE_RECURSION = YES;
				CLANG_WARN_INT_CONVERSION = YES;
				CLANG_WARN_NON_LITERAL_NULL_CONVERSION = YES;
				CLANG_WARN_OBJC_IMPLICIT_RETAIN_SELF = YES;
				CLANG_WARN_OBJC_LITERAL_CONVERSION = YES;
				CLANG_WARN_OBJC_ROOT_CLASS = YES_ERROR;
				CLANG_WARN_QUOTED_INCLUDE_IN_FRAMEWORK_HEADER = YES;
				CLANG_WARN_RANGE_LOOP_ANALYSIS = YES;
				CLANG_WARN_STRICT_PROTOTYPES = YES;
				CLANG_WARN_SUSPICIOUS_MOVE = YES;
				CLANG_WARN_UNGUARDED_AVAILABILITY = YES_AGGRESSIVE;
				CLANG_WARN_UNREACHABLE_CODE = YES;
				CLANG_WARN__DUPLICATE_METHOD_MATCH = YES;
				COPY_PHASE_STRIP = NO;
				DEBUG_INFORMATION_FORMAT = dwarf;
				ENABLE_STRICT_OBJC_MSGSEND = YES;
				ENABLE_TESTABILITY = YES;
				ENABLE_USER_SCRIPT_SANDBOXING = YES;
				GCC_C_LANGUAGE_STANDARD = gnu17;
				GCC_DYNAMIC_NO_PIC = NO;
				GCC_NO_COMMON_BLOCKS = YES;
				GCC_OPTIMIZATION_LEVEL = 0;
				GCC_PREPROCESSOR_DEFINITIONS = (
					"DEBUG=1",
					"$(inherited)",
				);
				GCC_WARN_64_TO_32_BIT_CONVERSION = YES;
				GCC_WARN_ABOUT_RETURN_TYPE = YES_ERROR;
				GCC_WARN_UNDECLARED_SELECTOR = YES;
				GCC_WARN_UNINITIALIZED_AUTOS = YES_AGGRESSIVE;
				GCC_WARN_UNUSED_FUNCTION = YES;
				GCC_WARN_UNUSED_VARIABLE = YES;
				IPHONEOS_DEPLOYMENT_TARGET = 17.2;
				LOCALIZATION_PREFERS_STRING_CATALOGS = YES;
				MTL_ENABLE_DEBUG_INFO = INCLUDE_SOURCE;
				MTL_FAST_MATH = YES;
				ONLY_ACTIVE_ARCH = YES;
				SDKROOT = iphoneos;
				SWIFT_ACTIVE_COMPILATION_CONDITIONS = "DEBUG $(inherited)";
				SWIFT_OPTIMIZATION_LEVEL = "-Onone";
			};
			name = Debug;
		};
		5A2D11282B68E55E00FE13A4 /* Release */ = {
			isa = XCBuildConfiguration;
			buildSettings = {
				ALWAYS_SEARCH_USER_PATHS = NO;
				ASSETCATALOG_COMPILER_GENERATE_SWIFT_ASSET_SYMBOL_EXTENSIONS = YES;
				CLANG_ANALYZER_NONNULL = YES;
				CLANG_ANALYZER_NUMBER_OBJECT_CONVERSION = YES_AGGRESSIVE;
				CLANG_CXX_LANGUAGE_STANDARD = "gnu++20";
				CLANG_ENABLE_MODULES = YES;
				CLANG_ENABLE_OBJC_ARC = YES;
				CLANG_ENABLE_OBJC_WEAK = YES;
				CLANG_WARN_BLOCK_CAPTURE_AUTORELEASING = YES;
				CLANG_WARN_BOOL_CONVERSION = YES;
				CLANG_WARN_COMMA = YES;
				CLANG_WARN_CONSTANT_CONVERSION = YES;
				CLANG_WARN_DEPRECATED_OBJC_IMPLEMENTATIONS = YES;
				CLANG_WARN_DIRECT_OBJC_ISA_USAGE = YES_ERROR;
				CLANG_WARN_DOCUMENTATION_COMMENTS = YES;
				CLANG_WARN_EMPTY_BODY = YES;
				CLANG_WARN_ENUM_CONVERSION = YES;
				CLANG_WARN_INFINITE_RECURSION = YES;
				CLANG_WARN_INT_CONVERSION = YES;
				CLANG_WARN_NON_LITERAL_NULL_CONVERSION = YES;
				CLANG_WARN_OBJC_IMPLICIT_RETAIN_SELF = YES;
				CLANG_WARN_OBJC_LITERAL_CONVERSION = YES;
				CLANG_WARN_OBJC_ROOT_CLASS = YES_ERROR;
				CLANG_WARN_QUOTED_INCLUDE_IN_FRAMEWORK_HEADER = YES;
				CLANG_WARN_RANGE_LOOP_ANALYSIS = YES;
				CLANG_WARN_STRICT_PROTOTYPES = YES;
				CLANG_WARN_SUSPICIOUS_MOVE = YES;
				CLANG_WARN_UNGUARDED_AVAILABILITY = YES_AGGRESSIVE;
				CLANG_WARN_UNREACHABLE_CODE = YES;
				CLANG_WARN__DUPLICATE_METHOD_MATCH = YES;
				COPY_PHASE_STRIP = NO;
				DEBUG_INFORMATION_FORMAT = "dwarf-with-dsym";
				ENABLE_NS_ASSERTIONS = NO;
				ENABLE_STRICT_OBJC_MSGSEND = YES;
				ENABLE_USER_SCRIPT_SANDBOXING = YES;
				GCC_C_LANGUAGE_STANDARD = gnu17;
				GCC_NO_COMMON_BLOCKS = YES;
				GCC_WARN_64_TO_32_BIT_CONVERSION = YES;
				GCC_WARN_ABOUT_RETURN_TYPE = YES_ERROR;
				GCC_WARN_UNDECLARED_SELECTOR = YES;
				GCC_WARN_UNINITIALIZED_AUTOS = YES_AGGRESSIVE;
				GCC_WARN_UNUSED_FUNCTION = YES;
				GCC_WARN_UNUSED_VARIABLE = YES;
				IPHONEOS_DEPLOYMENT_TARGET = 17.2;
				LOCALIZATION_PREFERS_STRING_CATALOGS = YES;
				MTL_ENABLE_DEBUG_INFO = NO;
				MTL_FAST_MATH = YES;
				SDKROOT = iphoneos;
				SWIFT_COMPILATION_MODE = wholemodule;
				VALIDATE_PRODUCT = YES;
			};
			name = Release;
		};
		5A2D112A2B68E55E00FE13A4 /* Debug */ = {
			isa = XCBuildConfiguration;
			buildSettings = {
				ASSETCATALOG_COMPILER_APPICON_NAME = AppIcon;
				ASSETCATALOG_COMPILER_GLOBAL_ACCENT_COLOR_NAME = AccentColor;
				CODE_SIGN_STYLE = Automatic;
				CURRENT_PROJECT_VERSION = 1;
				DEVELOPMENT_ASSET_PATHS = "\"RickMortyTCA/Preview Content\"";
				DEVELOPMENT_TEAM = 92PU6D6MCQ;
				ENABLE_PREVIEWS = YES;
				GENERATE_INFOPLIST_FILE = YES;
				INFOPLIST_KEY_UIApplicationSceneManifest_Generation = YES;
				INFOPLIST_KEY_UIApplicationSupportsIndirectInputEvents = YES;
				INFOPLIST_KEY_UILaunchScreen_Generation = YES;
				INFOPLIST_KEY_UISupportedInterfaceOrientations_iPad = "UIInterfaceOrientationPortrait UIInterfaceOrientationPortraitUpsideDown UIInterfaceOrientationLandscapeLeft UIInterfaceOrientationLandscapeRight";
				INFOPLIST_KEY_UISupportedInterfaceOrientations_iPhone = "UIInterfaceOrientationPortrait UIInterfaceOrientationLandscapeLeft UIInterfaceOrientationLandscapeRight";
				LD_RUNPATH_SEARCH_PATHS = (
					"$(inherited)",
					"@executable_path/Frameworks",
				);
				MARKETING_VERSION = 1.0;
				PRODUCT_BUNDLE_IDENTIFIER = com.BogdanZyk.RickMortyTCA;
				PRODUCT_NAME = "$(TARGET_NAME)";
				SWIFT_EMIT_LOC_STRINGS = YES;
				SWIFT_VERSION = 5.0;
				TARGETED_DEVICE_FAMILY = "1,2";
			};
			name = Debug;
		};
		5A2D112B2B68E55E00FE13A4 /* Release */ = {
			isa = XCBuildConfiguration;
			buildSettings = {
				ASSETCATALOG_COMPILER_APPICON_NAME = AppIcon;
				ASSETCATALOG_COMPILER_GLOBAL_ACCENT_COLOR_NAME = AccentColor;
				CODE_SIGN_STYLE = Automatic;
				CURRENT_PROJECT_VERSION = 1;
				DEVELOPMENT_ASSET_PATHS = "\"RickMortyTCA/Preview Content\"";
				DEVELOPMENT_TEAM = 92PU6D6MCQ;
				ENABLE_PREVIEWS = YES;
				GENERATE_INFOPLIST_FILE = YES;
				INFOPLIST_KEY_UIApplicationSceneManifest_Generation = YES;
				INFOPLIST_KEY_UIApplicationSupportsIndirectInputEvents = YES;
				INFOPLIST_KEY_UILaunchScreen_Generation = YES;
				INFOPLIST_KEY_UISupportedInterfaceOrientations_iPad = "UIInterfaceOrientationPortrait UIInterfaceOrientationPortraitUpsideDown UIInterfaceOrientationLandscapeLeft UIInterfaceOrientationLandscapeRight";
				INFOPLIST_KEY_UISupportedInterfaceOrientations_iPhone = "UIInterfaceOrientationPortrait UIInterfaceOrientationLandscapeLeft UIInterfaceOrientationLandscapeRight";
				LD_RUNPATH_SEARCH_PATHS = (
					"$(inherited)",
					"@executable_path/Frameworks",
				);
				MARKETING_VERSION = 1.0;
				PRODUCT_BUNDLE_IDENTIFIER = com.BogdanZyk.RickMortyTCA;
				PRODUCT_NAME = "$(TARGET_NAME)";
				SWIFT_EMIT_LOC_STRINGS = YES;
				SWIFT_VERSION = 5.0;
				TARGETED_DEVICE_FAMILY = "1,2";
			};
			name = Release;
		};
/* End XCBuildConfiguration section */

/* Begin XCConfigurationList section */
		5A2D11162B68E55C00FE13A4 /* Build configuration list for PBXProject "RickMortyTCA" */ = {
			isa = XCConfigurationList;
			buildConfigurations = (
				5A2D11272B68E55E00FE13A4 /* Debug */,
				5A2D11282B68E55E00FE13A4 /* Release */,
			);
			defaultConfigurationIsVisible = 0;
			defaultConfigurationName = Release;
		};
		5A2D11292B68E55E00FE13A4 /* Build configuration list for PBXNativeTarget "RickMortyTCA" */ = {
			isa = XCConfigurationList;
			buildConfigurations = (
				5A2D112A2B68E55E00FE13A4 /* Debug */,
				5A2D112B2B68E55E00FE13A4 /* Release */,
			);
			defaultConfigurationIsVisible = 0;
			defaultConfigurationName = Release;
		};
/* End XCConfigurationList section */

/* Begin XCRemoteSwiftPackageReference section */
		5A2D11362B68E6D400FE13A4 /* XCRemoteSwiftPackageReference "swift-composable-architecture" */ = {
			isa = XCRemoteSwiftPackageReference;
			repositoryURL = "https://github.com/pointfreeco/swift-composable-architecture";
			requirement = {
				kind = upToNextMajorVersion;
				minimumVersion = 1.7.0;
			};
		};
		5A2D116C2B691EED00FE13A4 /* XCRemoteSwiftPackageReference "apollo-ios" */ = {
			isa = XCRemoteSwiftPackageReference;
			repositoryURL = "https://github.com/apollographql/apollo-ios.git";
			requirement = {
				kind = upToNextMajorVersion;
				minimumVersion = 1.8.0;
			};
		};
/* End XCRemoteSwiftPackageReference section */

/* Begin XCSwiftPackageProductDependency section */
		5A2D11372B68E6D400FE13A4 /* ComposableArchitecture */ = {
			isa = XCSwiftPackageProductDependency;
			package = 5A2D11362B68E6D400FE13A4 /* XCRemoteSwiftPackageReference "swift-composable-architecture" */;
			productName = ComposableArchitecture;
		};
		5A2D115E2B6912CC00FE13A4 /* GraphqlAPI */ = {
			isa = XCSwiftPackageProductDependency;
			productName = GraphqlAPI;
		};
		5A2D116D2B691EED00FE13A4 /* Apollo */ = {
			isa = XCSwiftPackageProductDependency;
			package = 5A2D116C2B691EED00FE13A4 /* XCRemoteSwiftPackageReference "apollo-ios" */;
			productName = Apollo;
		};
		5A2D116F2B691EED00FE13A4 /* ApolloAPI */ = {
			isa = XCSwiftPackageProductDependency;
			package = 5A2D116C2B691EED00FE13A4 /* XCRemoteSwiftPackageReference "apollo-ios" */;
			productName = ApolloAPI;
		};
/* End XCSwiftPackageProductDependency section */
	};
	rootObject = 5A2D11132B68E55C00FE13A4 /* Project object */;
}
